
Microsoft Visual Studio Solution File, Format Version 12.00
# Visual Studio Version 17
VisualStudioVersion = 17.7.34024.191
MinimumVisualStudioVersion = 10.0.40219.1
Project("{FAE04EC0-301F-11D3-BF4B-00C04F79EFBC}") = "Mono-alphabetic Replace", "Mono-alphabetic Replace\Mono-alphabetic Replace.csproj", "{58A69999-1C4C-4A35-8CDC-B635841AB19E}"
EndProject
Global
	GlobalSection(SolutionConfigurationPlatforms) = preSolution
		Debug|Any CPU = Debug|Any CPU
		Release|Any CPU = Release|Any CPU
	EndGlobalSection
	GlobalSection(ProjectConfigurationPlatforms) = postSolution
		{58A69999-1C4C-4A35-8CDC-B635841AB19E}.Debug|Any CPU.ActiveCfg = Debug|Any CPU
		{58A69999-1C4C-4A35-8CDC-B635841AB19E}.Debug|Any CPU.Build.0 = Debug|Any CPU
		{58A69999-1C4C-4A35-8CDC-B635841AB19E}.Release|Any CPU.ActiveCfg = Release|Any CPU
		{58A69999-1C4C-4A35-8CDC-B635841AB19E}.Release|Any CPU.Build.0 = Release|Any CPU
	EndGlobalSection
	GlobalSection(SolutionProperties) = preSolution
		HideSolutionNode = FALSE
	EndGlobalSection
	GlobalSection(ExtensibilityGlobals) = postSolution
		SolutionGuid = {D920D628-AC0C-4048-9BFF-726CD28937C7}
	EndGlobalSection
EndGlobal
